
Microsoft Visual Studio Solution File, Format Version 12.00
# Visual Studio Version 17
VisualStudioVersion = 17.13.35931.197
MinimumVisualStudioVersion = 10.0.40219.1
Project("{FAE04EC0-301F-11D3-BF4B-00C04F79EFBC}") = "SCS.Api.App", "SCS.Api.App\SCS.Api.App.csproj", "{5B785DB6-98E3-4946-AC1F-C191EA9F2158}"
EndProject
Project("{FAE04EC0-301F-11D3-BF4B-00C04F79EFBC}") = "SCS.Api.Domain", "SCS.Api.Domain\SCS.Api.Domain.csproj", "{E2018356-315D-44A6-8BE3-65700182E508}"
EndProject
Project("{FAE04EC0-301F-11D3-BF4B-00C04F79EFBC}") = "SCS.Api.UnitTests", "SCS.Api.UnitTests\SCS.Api.UnitTests.csproj", "{3C10C2AA-2C40-4295-A76A-7A21A3479475}"
EndProject
Global
	GlobalSection(SolutionConfigurationPlatforms) = preSolution
		Debug|Any CPU = Debug|Any CPU
		Debug|x64 = Debug|x64
		Debug|x86 = Debug|x86
		Release|Any CPU = Release|Any CPU
		Release|x64 = Release|x64
		Release|x86 = Release|x86
	EndGlobalSection
	GlobalSection(ProjectConfigurationPlatforms) = postSolution
		{5B785DB6-98E3-4946-AC1F-C191EA9F2158}.Debug|Any CPU.ActiveCfg = Debug|Any CPU
		{5B785DB6-98E3-4946-AC1F-C191EA9F2158}.Debug|Any CPU.Build.0 = Debug|Any CPU
		{5B785DB6-98E3-4946-AC1F-C191EA9F2158}.Debug|x64.ActiveCfg = Debug|Any CPU
		{5B785DB6-98E3-4946-AC1F-C191EA9F2158}.Debug|x64.Build.0 = Debug|Any CPU
		{5B785DB6-98E3-4946-AC1F-C191EA9F2158}.Debug|x86.ActiveCfg = Debug|Any CPU
		{5B785DB6-98E3-4946-AC1F-C191EA9F2158}.Debug|x86.Build.0 = Debug|Any CPU
		{5B785DB6-98E3-4946-AC1F-C191EA9F2158}.Release|Any CPU.ActiveCfg = Release|Any CPU
		{5B785DB6-98E3-4946-AC1F-C191EA9F2158}.Release|Any CPU.Build.0 = Release|Any CPU
		{5B785DB6-98E3-4946-AC1F-C191EA9F2158}.Release|x64.ActiveCfg = Release|Any CPU
		{5B785DB6-98E3-4946-AC1F-C191EA9F2158}.Release|x64.Build.0 = Release|Any CPU
		{5B785DB6-98E3-4946-AC1F-C191EA9F2158}.Release|x86.ActiveCfg = Release|Any CPU
		{5B785DB6-98E3-4946-AC1F-C191EA9F2158}.Release|x86.Build.0 = Release|Any CPU
		{E2018356-315D-44A6-8BE3-65700182E508}.Debug|Any CPU.ActiveCfg = Debug|Any CPU
		{E2018356-315D-44A6-8BE3-65700182E508}.Debug|Any CPU.Build.0 = Debug|Any CPU
		{E2018356-315D-44A6-8BE3-65700182E508}.Debug|x64.ActiveCfg = Debug|Any CPU
		{E2018356-315D-44A6-8BE3-65700182E508}.Debug|x64.Build.0 = Debug|Any CPU
		{E2018356-315D-44A6-8BE3-65700182E508}.Debug|x86.ActiveCfg = Debug|Any CPU
		{E2018356-315D-44A6-8BE3-65700182E508}.Debug|x86.Build.0 = Debug|Any CPU
		{E2018356-315D-44A6-8BE3-65700182E508}.Release|Any CPU.ActiveCfg = Release|Any CPU
		{E2018356-315D-44A6-8BE3-65700182E508}.Release|Any CPU.Build.0 = Release|Any CPU
		{E2018356-315D-44A6-8BE3-65700182E508}.Release|x64.ActiveCfg = Release|Any CPU
		{E2018356-315D-44A6-8BE3-65700182E508}.Release|x64.Build.0 = Release|Any CPU
		{E2018356-315D-44A6-8BE3-65700182E508}.Release|x86.ActiveCfg = Release|Any CPU
		{E2018356-315D-44A6-8BE3-65700182E508}.Release|x86.Build.0 = Release|Any CPU
		{3C10C2AA-2C40-4295-A76A-7A21A3479475}.Debug|Any CPU.ActiveCfg = Debug|Any CPU
		{3C10C2AA-2C40-4295-A76A-7A21A3479475}.Debug|Any CPU.Build.0 = Debug|Any CPU
		{3C10C2AA-2C40-4295-A76A-7A21A3479475}.Debug|x64.ActiveCfg = Debug|Any CPU
		{3C10C2AA-2C40-4295-A76A-7A21A3479475}.Debug|x64.Build.0 = Debug|Any CPU
		{3C10C2AA-2C40-4295-A76A-7A21A3479475}.Debug|x86.ActiveCfg = Debug|Any CPU
		{3C10C2AA-2C40-4295-A76A-7A21A3479475}.Debug|x86.Build.0 = Debug|Any CPU
		{3C10C2AA-2C40-4295-A76A-7A21A3479475}.Release|Any CPU.ActiveCfg = Release|Any CPU
		{3C10C2AA-2C40-4295-A76A-7A21A3479475}.Release|Any CPU.Build.0 = Release|Any CPU
		{3C10C2AA-2C40-4295-A76A-7A21A3479475}.Release|x64.ActiveCfg = Release|Any CPU
		{3C10C2AA-2C40-4295-A76A-7A21A3479475}.Release|x64.Build.0 = Release|Any CPU
		{3C10C2AA-2C40-4295-A76A-7A21A3479475}.Release|x86.ActiveCfg = Release|Any CPU
		{3C10C2AA-2C40-4295-A76A-7A21A3479475}.Release|x86.Build.0 = Release|Any CPU
	EndGlobalSection
	GlobalSection(SolutionProperties) = preSolution
		HideSolutionNode = FALSE
	EndGlobalSection
	GlobalSection(ExtensibilityGlobals) = postSolution
		SolutionGuid = {6A13C0A5-CFEF-4C7B-9621-492A50E79F9F}
	EndGlobalSection
EndGlobal
